
Microsoft Visual Studio Solution File, Format Version 11.00
# Visual Studio 2010
Project("{FAE04EC0-301F-11D3-BF4B-00C04F79EFBC}") = "UnityEngine.TestRunner", "UnityEngine.TestRunner.csproj", "{8796487a-81e1-5cb3-0662-6031083e9fcf}"
EndProject
Project("{FAE04EC0-301F-11D3-BF4B-00C04F79EFBC}") = "UniRx", "UniRx.csproj", "{a8136fda-0497-d059-8e13-d8ba6037f97a}"
EndProject
Project("{FAE04EC0-301F-11D3-BF4B-00C04F79EFBC}") = "UnityEngine.UI", "UnityEngine.UI.csproj", "{2628755a-ea7f-3782-fecb-69d81648ba8e}"
EndProject
Project("{FAE04EC0-301F-11D3-BF4B-00C04F79EFBC}") = "Unity.TextMeshPro", "Unity.TextMeshPro.csproj", "{7559d9f1-c18f-4bba-24ac-1785b90d6c96}"
EndProject
Project("{FAE04EC0-301F-11D3-BF4B-00C04F79EFBC}") = "Unity.Timeline", "Unity.Timeline.csproj", "{22035a4e-c11c-2398-35fd-f51f2c4ac4c5}"
EndProject
Project("{FAE04EC0-301F-11D3-BF4B-00C04F79EFBC}") = "UnityTests", "UnityTests.csproj", "{6d3a16d7-25dc-831c-8662-ec29a899644a}"
EndProject
Project("{FAE04EC0-301F-11D3-BF4B-00C04F79EFBC}") = "UniRx.Examples", "UniRx.Examples.csproj", "{286b8368-e04f-faee-9992-195d65092ad5}"
EndProject
Project("{FAE04EC0-301F-11D3-BF4B-00C04F79EFBC}") = "RuntimeUnitTestToolkit", "RuntimeUnitTestToolkit.csproj", "{c211331e-9c2f-5331-5981-699605b16915}"
EndProject
Project("{FAE04EC0-301F-11D3-BF4B-00C04F79EFBC}") = "Assembly-CSharp", "Assembly-CSharp.csproj", "{a5996bc4-0f0f-ee2f-50c8-dae79aa3f247}"
EndProject
Project("{FAE04EC0-301F-11D3-BF4B-00C04F79EFBC}") = "UnityEditor.TestRunner", "UnityEditor.TestRunner.csproj", "{6aaef574-a79e-1f62-0c5d-180f1543f582}"
EndProject
Project("{FAE04EC0-301F-11D3-BF4B-00C04F79EFBC}") = "Unity.VisualStudio.Editor", "Unity.VisualStudio.Editor.csproj", "{0f826ddf-7886-e9cc-1620-564d82f3c49b}"
EndProject
Project("{FAE04EC0-301F-11D3-BF4B-00C04F79EFBC}") = "Unity.TextMeshPro.Editor", "Unity.TextMeshPro.Editor.csproj", "{38a1d8b1-a48f-f764-76a9-104382e1ded0}"
EndProject
Project("{FAE04EC0-301F-11D3-BF4B-00C04F79EFBC}") = "Unity.Timeline.Editor", "Unity.Timeline.Editor.csproj", "{d0fde4ee-0186-4de7-f964-06aded0f79ad}"
EndProject
Project("{FAE04EC0-301F-11D3-BF4B-00C04F79EFBC}") = "Unity.PlasticSCM.Editor", "Unity.PlasticSCM.Editor.csproj", "{cc91fef2-e373-2826-475a-d0290636d2c8}"
EndProject
Project("{FAE04EC0-301F-11D3-BF4B-00C04F79EFBC}") = "UnityEditor.UI", "UnityEditor.UI.csproj", "{d691a460-6d1b-4784-35bc-0b762ea345fd}"
EndProject
Project("{FAE04EC0-301F-11D3-BF4B-00C04F79EFBC}") = "Unity.Rider.Editor", "Unity.Rider.Editor.csproj", "{b217422b-0282-b288-2a02-d0ab4c0760a0}"
EndProject
Project("{FAE04EC0-301F-11D3-BF4B-00C04F79EFBC}") = "Unity.CollabProxy.Editor", "Unity.CollabProxy.Editor.csproj", "{d9b43e54-0807-8962-c94c-8a96cb3dd4d7}"
EndProject
Project("{FAE04EC0-301F-11D3-BF4B-00C04F79EFBC}") = "Unity.VSCode.Editor", "Unity.VSCode.Editor.csproj", "{c22e9664-b22d-0b67-4255-faa0a3e23a0f}"
EndProject
Project("{FAE04EC0-301F-11D3-BF4B-00C04F79EFBC}") = "Assembly-CSharp-Editor", "Assembly-CSharp-Editor.csproj", "{97e86456-0db2-7b85-aba2-fe9f9a4dabfb}"
EndProject
Global
	GlobalSection(SolutionConfigurationPlatforms) = preSolution
		Debug|Any CPU = Debug|Any CPU
	EndGlobalSection
	GlobalSection(ProjectConfigurationPlatforms) = postSolution
		{8796487a-81e1-5cb3-0662-6031083e9fcf}.Debug|Any CPU.ActiveCfg = Debug|Any CPU
		{8796487a-81e1-5cb3-0662-6031083e9fcf}.Debug|Any CPU.Build.0 = Debug|Any CPU
		{a8136fda-0497-d059-8e13-d8ba6037f97a}.Debug|Any CPU.ActiveCfg = Debug|Any CPU
		{a8136fda-0497-d059-8e13-d8ba6037f97a}.Debug|Any CPU.Build.0 = Debug|Any CPU
		{2628755a-ea7f-3782-fecb-69d81648ba8e}.Debug|Any CPU.ActiveCfg = Debug|Any CPU
		{2628755a-ea7f-3782-fecb-69d81648ba8e}.Debug|Any CPU.Build.0 = Debug|Any CPU
		{7559d9f1-c18f-4bba-24ac-1785b90d6c96}.Debug|Any CPU.ActiveCfg = Debug|Any CPU
		{7559d9f1-c18f-4bba-24ac-1785b90d6c96}.Debug|Any CPU.Build.0 = Debug|Any CPU
		{22035a4e-c11c-2398-35fd-f51f2c4ac4c5}.Debug|Any CPU.ActiveCfg = Debug|Any CPU
		{22035a4e-c11c-2398-35fd-f51f2c4ac4c5}.Debug|Any CPU.Build.0 = Debug|Any CPU
		{6d3a16d7-25dc-831c-8662-ec29a899644a}.Debug|Any CPU.ActiveCfg = Debug|Any CPU
		{6d3a16d7-25dc-831c-8662-ec29a899644a}.Debug|Any CPU.Build.0 = Debug|Any CPU
		{286b8368-e04f-faee-9992-195d65092ad5}.Debug|Any CPU.ActiveCfg = Debug|Any CPU
		{286b8368-e04f-faee-9992-195d65092ad5}.Debug|Any CPU.Build.0 = Debug|Any CPU
		{c211331e-9c2f-5331-5981-699605b16915}.Debug|Any CPU.ActiveCfg = Debug|Any CPU
		{c211331e-9c2f-5331-5981-699605b16915}.Debug|Any CPU.Build.0 = Debug|Any CPU
		{a5996bc4-0f0f-ee2f-50c8-dae79aa3f247}.Debug|Any CPU.ActiveCfg = Debug|Any CPU
		{a5996bc4-0f0f-ee2f-50c8-dae79aa3f247}.Debug|Any CPU.Build.0 = Debug|Any CPU
		{6aaef574-a79e-1f62-0c5d-180f1543f582}.Debug|Any CPU.ActiveCfg = Debug|Any CPU
		{6aaef574-a79e-1f62-0c5d-180f1543f582}.Debug|Any CPU.Build.0 = Debug|Any CPU
		{0f826ddf-7886-e9cc-1620-564d82f3c49b}.Debug|Any CPU.ActiveCfg = Debug|Any CPU
		{0f826ddf-7886-e9cc-1620-564d82f3c49b}.Debug|Any CPU.Build.0 = Debug|Any CPU
		{38a1d8b1-a48f-f764-76a9-104382e1ded0}.Debug|Any CPU.ActiveCfg = Debug|Any CPU
		{38a1d8b1-a48f-f764-76a9-104382e1ded0}.Debug|Any CPU.Build.0 = Debug|Any CPU
		{d0fde4ee-0186-4de7-f964-06aded0f79ad}.Debug|Any CPU.ActiveCfg = Debug|Any CPU
		{d0fde4ee-0186-4de7-f964-06aded0f79ad}.Debug|Any CPU.Build.0 = Debug|Any CPU
		{cc91fef2-e373-2826-475a-d0290636d2c8}.Debug|Any CPU.ActiveCfg = Debug|Any CPU
		{cc91fef2-e373-2826-475a-d0290636d2c8}.Debug|Any CPU.Build.0 = Debug|Any CPU
		{d691a460-6d1b-4784-35bc-0b762ea345fd}.Debug|Any CPU.ActiveCfg = Debug|Any CPU
		{d691a460-6d1b-4784-35bc-0b762ea345fd}.Debug|Any CPU.Build.0 = Debug|Any CPU
		{b217422b-0282-b288-2a02-d0ab4c0760a0}.Debug|Any CPU.ActiveCfg = Debug|Any CPU
		{b217422b-0282-b288-2a02-d0ab4c0760a0}.Debug|Any CPU.Build.0 = Debug|Any CPU
		{d9b43e54-0807-8962-c94c-8a96cb3dd4d7}.Debug|Any CPU.ActiveCfg = Debug|Any CPU
		{d9b43e54-0807-8962-c94c-8a96cb3dd4d7}.Debug|Any CPU.Build.0 = Debug|Any CPU
		{c22e9664-b22d-0b67-4255-faa0a3e23a0f}.Debug|Any CPU.ActiveCfg = Debug|Any CPU
		{c22e9664-b22d-0b67-4255-faa0a3e23a0f}.Debug|Any CPU.Build.0 = Debug|Any CPU
		{97e86456-0db2-7b85-aba2-fe9f9a4dabfb}.Debug|Any CPU.ActiveCfg = Debug|Any CPU
		{97e86456-0db2-7b85-aba2-fe9f9a4dabfb}.Debug|Any CPU.Build.0 = Debug|Any CPU
	EndGlobalSection
	GlobalSection(SolutionProperties) = preSolution
		HideSolutionNode = FALSE
	EndGlobalSection
EndGlobal
